
Microsoft Visual Studio Solution File, Format Version 12.00
# Visual Studio 2013
VisualStudioVersion = 12.0.30501.0
MinimumVisualStudioVersion = 10.0.40219.1
Project("{FAE04EC0-301F-11D3-BF4B-00C04F79EFBC}") = "StudentInfo.Web", "StudentInfo.Web\StudentInfo.Web.csproj", "{35649195-F5DC-40DF-8E28-6BA9057FAA63}"
EndProject
Project("{FAE04EC0-301F-11D3-BF4B-00C04F79EFBC}") = "StudentInfo.Specs", "StudentInfo.Specs\StudentInfo.Specs.csproj", "{6C59715D-51D8-4150-9B64-ABCA8128EB66}"
EndProject
Project("{FAE04EC0-301F-11D3-BF4B-00C04F79EFBC}") = "StudentInfo.Domain", "StudentInfo.Domain\StudentInfo.Domain.csproj", "{1896AC84-6350-48DE-8466-B10F0A8D18C4}"
EndProject
Project("{FAE04EC0-301F-11D3-BF4B-00C04F79EFBC}") = "StudentInfo.Infrastructure.Data", "StudentInfo.Infrastructure\StudentInfo.Infrastructure.Data.csproj", "{31A425A7-EE09-4EBC-BFEE-0819A3F592E1}"
EndProject
Project("{FAE04EC0-301F-11D3-BF4B-00C04F79EFBC}") = "StudentInfo.DatabaseInitialization", "StudentInfo.DatabaseInitialization\StudentInfo.DatabaseInitialization.csproj", "{E965EEF1-0A59-45AF-AD53-58F087EDDEB9}"
EndProject
Project("{FAE04EC0-301F-11D3-BF4B-00C04F79EFBC}") = "StudentInfo.Infrastructure.Data.Mapping", "StudentInfo.Infrastructure.Data.Mapping\StudentInfo.Infrastructure.Data.Mapping.csproj", "{B84F2A0D-E6D5-406C-B03C-45B5646DB605}"
EndProject
Global
	GlobalSection(SolutionConfigurationPlatforms) = preSolution
		Debug|Any CPU = Debug|Any CPU
		Release|Any CPU = Release|Any CPU
	EndGlobalSection
	GlobalSection(ProjectConfigurationPlatforms) = postSolution
		{35649195-F5DC-40DF-8E28-6BA9057FAA63}.Debug|Any CPU.ActiveCfg = Debug|Any CPU
		{35649195-F5DC-40DF-8E28-6BA9057FAA63}.Debug|Any CPU.Build.0 = Debug|Any CPU
		{35649195-F5DC-40DF-8E28-6BA9057FAA63}.Release|Any CPU.ActiveCfg = Release|Any CPU
		{35649195-F5DC-40DF-8E28-6BA9057FAA63}.Release|Any CPU.Build.0 = Release|Any CPU
		{6C59715D-51D8-4150-9B64-ABCA8128EB66}.Debug|Any CPU.ActiveCfg = Debug|Any CPU
		{6C59715D-51D8-4150-9B64-ABCA8128EB66}.Debug|Any CPU.Build.0 = Debug|Any CPU
		{6C59715D-51D8-4150-9B64-ABCA8128EB66}.Release|Any CPU.ActiveCfg = Release|Any CPU
		{6C59715D-51D8-4150-9B64-ABCA8128EB66}.Release|Any CPU.Build.0 = Release|Any CPU
		{1896AC84-6350-48DE-8466-B10F0A8D18C4}.Debug|Any CPU.ActiveCfg = Debug|Any CPU
		{1896AC84-6350-48DE-8466-B10F0A8D18C4}.Debug|Any CPU.Build.0 = Debug|Any CPU
		{1896AC84-6350-48DE-8466-B10F0A8D18C4}.Release|Any CPU.ActiveCfg = Release|Any CPU
		{1896AC84-6350-48DE-8466-B10F0A8D18C4}.Release|Any CPU.Build.0 = Release|Any CPU
		{31A425A7-EE09-4EBC-BFEE-0819A3F592E1}.Debug|Any CPU.ActiveCfg = Debug|Any CPU
		{31A425A7-EE09-4EBC-BFEE-0819A3F592E1}.Debug|Any CPU.Build.0 = Debug|Any CPU
		{31A425A7-EE09-4EBC-BFEE-0819A3F592E1}.Release|Any CPU.ActiveCfg = Release|Any CPU
		{31A425A7-EE09-4EBC-BFEE-0819A3F592E1}.Release|Any CPU.Build.0 = Release|Any CPU
		{E965EEF1-0A59-45AF-AD53-58F087EDDEB9}.Debug|Any CPU.ActiveCfg = Debug|Any CPU
		{E965EEF1-0A59-45AF-AD53-58F087EDDEB9}.Debug|Any CPU.Build.0 = Debug|Any CPU
		{E965EEF1-0A59-45AF-AD53-58F087EDDEB9}.Release|Any CPU.ActiveCfg = Release|Any CPU
		{E965EEF1-0A59-45AF-AD53-58F087EDDEB9}.Release|Any CPU.Build.0 = Release|Any CPU
		{B84F2A0D-E6D5-406C-B03C-45B5646DB605}.Debug|Any CPU.ActiveCfg = Debug|Any CPU
		{B84F2A0D-E6D5-406C-B03C-45B5646DB605}.Debug|Any CPU.Build.0 = Debug|Any CPU
		{B84F2A0D-E6D5-406C-B03C-45B5646DB605}.Release|Any CPU.ActiveCfg = Release|Any CPU
		{B84F2A0D-E6D5-406C-B03C-45B5646DB605}.Release|Any CPU.Build.0 = Release|Any CPU
	EndGlobalSection
	GlobalSection(SolutionProperties) = preSolution
		HideSolutionNode = FALSE
	EndGlobalSection
EndGlobal
